// !$*UTF8*$!
{
	archiveVersion = 1;
	classes = {
	};
	objectVersion = 50;
	objects = {

/* Begin PBXBuildFile section */
		EBA1A60B2638B59C00645453 /* AppDelegate.m in Sources */ = {isa = PBXBuildFile; fileRef = EBA1A60A2638B59C00645453 /* AppDelegate.m */; };
		EBA1A60E2638B59C00645453 /* SceneDelegate.m in Sources */ = {isa = PBXBuildFile; fileRef = EBA1A60D2638B59C00645453 /* SceneDelegate.m */; };
		EBA1A6112638B59C00645453 /* ViewController.m in Sources */ = {isa = PBXBuildFile; fileRef = EBA1A6102638B59C00645453 /* ViewController.m */; };
		EBA1A6142638B59C00645453 /* Main.storyboard in Resources */ = {isa = PBXBuildFile; fileRef = EBA1A6122638B59C00645453 /* Main.storyboard */; };
		EBA1A6162638B59E00645453 /* Assets.xcassets in Resources */ = {isa = PBXBuildFile; fileRef = EBA1A6152638B59E00645453 /* Assets.xcassets */; };
		EBA1A6192638B59E00645453 /* LaunchScreen.storyboard in Resources */ = {isa = PBXBuildFile; fileRef = EBA1A6172638B59E00645453 /* LaunchScreen.storyboard */; };
		EBA1A61C2638B59E00645453 /* main.m in Sources */ = {isa = PBXBuildFile; fileRef = EBA1A61B2638B59E00645453 /* main.m */; };
/* End PBXBuildFile section */

/* Begin PBXFileReference section */
		EBA1A6062638B59C00645453 /* ObjectiveC CodeQL Test.app */ = {isa = PBXFileReference; explicitFileType = wrapper.application; includeInIndex = 0; path = "ObjectiveC CodeQL Test.app"; sourceTree = BUILT_PRODUCTS_DIR; };
		EBA1A6092638B59C00645453 /* AppDelegate.h */ = {isa = PBXFileReference; lastKnownFileType = sourcecode.c.h; path = AppDelegate.h; sourceTree = "<group>"; };
		EBA1A60A2638B59C00645453 /* AppDelegate.m */ = {isa = PBXFileReference; lastKnownFileType = sourcecode.c.objc; path = AppDelegate.m; sourceTree = "<group>"; };
		EBA1A60C2638B59C00645453 /* SceneDelegate.h */ = {isa = PBXFileReference; lastKnownFileType = sourcecode.c.h; path = SceneDelegate.h; sourceTree = "<group>"; };
		EBA1A60D2638B59C00645453 /* SceneDelegate.m */ = {isa = PBXFileReference; lastKnownFileType = sourcecode.c.objc; path = SceneDelegate.m; sourceTree = "<group>"; };
		EBA1A60F2638B59C00645453 /* ViewController.h */ = {isa = PBXFileReference; lastKnownFileType = sourcecode.c.h; path = ViewController.h; sourceTree = "<group>"; };
		EBA1A6102638B59C00645453 /* ViewController.m */ = {isa = PBXFileReference; lastKnownFileType = sourcecode.c.objc; path = ViewController.m; sourceTree = "<group>"; };
		EBA1A6132638B59C00645453 /* Base */ = {isa = PBXFileReference; lastKnownFileType = file.storyboard; name = Base; path = Base.lproj/Main.storyboard; sourceTree = "<group>"; };
		EBA1A6152638B59E00645453 /* Assets.xcassets */ = {isa = PBXFileReference; lastKnownFileType = folder.assetcatalog; path = Assets.xcassets; sourceTree = "<group>"; };
		EBA1A6182638B59E00645453 /* Base */ = {isa = PBXFileReference; lastKnownFileType = file.storyboard; name = Base; path = Base.lproj/LaunchScreen.storyboard; sourceTree = "<group>"; };
		EBA1A61A2638B59E00645453 /* Info.plist */ = {isa = PBXFileReference; lastKnownFileType = text.plist.xml; path = Info.plist; sourceTree = "<group>"; };
		EBA1A61B2638B59E00645453 /* main.m */ = {isa = PBXFileReference; lastKnownFileType = sourcecode.c.objc; path = main.m; sourceTree = "<group>"; };
/* End PBXFileReference section */

/* Begin PBXFrameworksBuildPhase section */
		EBA1A6032638B59B00645453 /* Frameworks */ = {
			isa = PBXFrameworksBuildPhase;
			buildActionMask = 2147483647;
			files = (
			);
			runOnlyForDeploymentPostprocessing = 0;
		};
/* End PBXFrameworksBuildPhase section */

/* Begin PBXGroup section */
		EBA1A5FD2638B59B00645453 = {
			isa = PBXGroup;
			children = (
				EBA1A6082638B59C00645453 /* ObjectiveC CodeQL Test */,
				EBA1A6072638B59C00645453 /* Products */,
			);
			sourceTree = "<group>";
		};
		EBA1A6072638B59C00645453 /* Products */ = {
			isa = PBXGroup;
			children = (
				EBA1A6062638B59C00645453 /* ObjectiveC CodeQL Test.app */,
			);
			name = Products;
			sourceTree = "<group>";
		};
		EBA1A6082638B59C00645453 /* ObjectiveC CodeQL Test */ = {
			isa = PBXGroup;
			children = (
				EBA1A6092638B59C00645453 /* AppDelegate.h */,
				EBA1A60A2638B59C00645453 /* AppDelegate.m */,
				EBA1A60C2638B59C00645453 /* SceneDelegate.h */,
				EBA1A60D2638B59C00645453 /* SceneDelegate.m */,
				EBA1A60F2638B59C00645453 /* ViewController.h */,
				EBA1A6102638B59C00645453 /* ViewController.m */,
				EBA1A6122638B59C00645453 /* Main.storyboard */,
				EBA1A6152638B59E00645453 /* Assets.xcassets */,
				EBA1A6172638B59E00645453 /* LaunchScreen.storyboard */,
				EBA1A61A2638B59E00645453 /* Info.plist */,
				EBA1A61B2638B59E00645453 /* main.m */,
			);
			path = "ObjectiveC CodeQL Test";
			sourceTree = "<group>";
		};
/* End PBXGroup section */

/* Begin PBXNativeTarget section */
		EBA1A6052638B59B00645453 /* ObjectiveC CodeQL Test */ = {
			isa = PBXNativeTarget;
			buildConfigurationList = EBA1A61F2638B59E00645453 /* Build configuration list for PBXNativeTarget "ObjectiveC CodeQL Test" */;
			buildPhases = (
				EBA1A6022638B59B00645453 /* Sources */,
				EBA1A6032638B59B00645453 /* Frameworks */,
				EBA1A6042638B59B00645453 /* Resources */,
			);
			buildRules = (
			);
			dependencies = (
			);
			name = "ObjectiveC CodeQL Test";
			productName = "ObjectiveC CodeQL Test";
			productReference = EBA1A6062638B59C00645453 /* ObjectiveC CodeQL Test.app */;
			productType = "com.apple.product-type.application";
		};
/* End PBXNativeTarget section */

/* Begin PBXProject section */
		EBA1A5FE2638B59B00645453 /* Project object */ = {
			isa = PBXProject;
			attributes = {
				LastUpgradeCheck = 1240;
				TargetAttributes = {
					EBA1A6052638B59B00645453 = {
						CreatedOnToolsVersion = 12.4;
					};
				};
			};
			buildConfigurationList = EBA1A6012638B59B00645453 /* Build configuration list for PBXProject "ObjectiveC CodeQL Test" */;
			compatibilityVersion = "Xcode 9.3";
			developmentRegion = en;
			hasScannedForEncodings = 0;
			knownRegions = (
				en,
				Base,
			);
			mainGroup = EBA1A5FD2638B59B00645453;
			productRefGroup = EBA1A6072638B59C00645453 /* Products */;
			projectDirPath = "";
			projectRoot = "";
			targets = (
				EBA1A6052638B59B00645453 /* ObjectiveC CodeQL Test */,
			);
		};
/* End PBXProject section */

/* Begin PBXResourcesBuildPhase section */
		EBA1A6042638B59B00645453 /* Resources */ = {
			isa = PBXResourcesBuildPhase;
			buildActionMask = 2147483647;
			files = (
				EBA1A6192638B59E00645453 /* LaunchScreen.storyboard in Resources */,
				EBA1A6162638B59E00645453 /* Assets.xcassets in Resources */,
				EBA1A6142638B59C00645453 /* Main.storyboard in Resources */,
			);
			runOnlyForDeploymentPostprocessing = 0;
		};
/* End PBXResourcesBuildPhase section */

/* Begin PBXSourcesBuildPhase section */
		EBA1A6022638B59B00645453 /* Sources */ = {
			isa = PBXSourcesBuildPhase;
			buildActionMask = 2147483647;
			files = (
				EBA1A6112638B59C00645453 /* ViewController.m in Sources */,
				EBA1A60B2638B59C00645453 /* AppDelegate.m in Sources */,
				EBA1A61C2638B59E00645453 /* main.m in Sources */,
				EBA1A60E2638B59C00645453 /* SceneDelegate.m in Sources */,
			);
			runOnlyForDeploymentPostprocessing = 0;
		};
/* End PBXSourcesBuildPhase section */

/* Begin PBXVariantGroup section */
		EBA1A6122638B59C00645453 /* Main.storyboard */ = {
			isa = PBXVariantGroup;
			children = (
				EBA1A6132638B59C00645453 /* Base */,
			);
			name = Main.storyboard;
			sourceTree = "<group>";
		};
		EBA1A6172638B59E00645453 /* LaunchScreen.storyboard */ = {
			isa = PBXVariantGroup;
			children = (
				EBA1A6182638B59E00645453 /* Base */,
			);
			name = LaunchScreen.storyboard;
			sourceTree = "<group>";
		};
/* End PBXVariantGroup section */

/* Begin XCBuildConfiguration section */
		EBA1A61D2638B59E00645453 /* Debug */ = {
			isa = XCBuildConfiguration;
			buildSettings = {
				ALWAYS_SEARCH_USER_PATHS = NO;
				CLANG_ANALYZER_NONNULL = YES;
				CLANG_ANALYZER_NUMBER_OBJECT_CONVERSION = YES_AGGRESSIVE;
				CLANG_CXX_LANGUAGE_STANDARD = "gnu++14";
				CLANG_CXX_LIBRARY = "libc++";
				CLANG_ENABLE_MODULES = YES;
				CLANG_ENABLE_OBJC_ARC = YES;
				CLANG_ENABLE_OBJC_WEAK = YES;
				CLANG_WARN_BLOCK_CAPTURE_AUTORELEASING = YES;
				CLANG_WARN_BOOL_CONVERSION = YES;
				CLANG_WARN_COMMA = YES;
				CLANG_WARN_CONSTANT_CONVERSION = YES;
				CLANG_WARN_DEPRECATED_OBJC_IMPLEMENTATIONS = YES;
				CLANG_WARN_DIRECT_OBJC_ISA_USAGE = YES_ERROR;
				CLANG_WARN_DOCUMENTATION_COMMENTS = YES;
				CLANG_WARN_EMPTY_BODY = YES;
				CLANG_WARN_ENUM_CONVERSION = YES;
				CLANG_WARN_INFINITE_RECURSION = YES;
				CLANG_WARN_INT_CONVERSION = YES;
				CLANG_WARN_NON_LITERAL_NULL_CONVERSION = YES;
				CLANG_WARN_OBJC_IMPLICIT_RETAIN_SELF = YES;
				CLANG_WARN_OBJC_LITERAL_CONVERSION = YES;
				CLANG_WARN_OBJC_ROOT_CLASS = YES_ERROR;
				CLANG_WARN_QUOTED_INCLUDE_IN_FRAMEWORK_HEADER = YES;
				CLANG_WARN_RANGE_LOOP_ANALYSIS = YES;
				CLANG_WARN_STRICT_PROTOTYPES = YES;
				CLANG_WARN_SUSPICIOUS_MOVE = YES;
				CLANG_WARN_UNGUARDED_AVAILABILITY = YES_AGGRESSIVE;
				CLANG_WARN_UNREACHABLE_CODE = YES;
				CLANG_WARN__DUPLICATE_METHOD_MATCH = YES;
				COPY_PHASE_STRIP = NO;
				DEBUG_INFORMATION_FORMAT = dwarf;
				ENABLE_STRICT_OBJC_MSGSEND = YES;
				ENABLE_TESTABILITY = YES;
				GCC_C_LANGUAGE_STANDARD = gnu11;
				GCC_DYNAMIC_NO_PIC = NO;
				GCC_NO_COMMON_BLOCKS = YES;
				GCC_OPTIMIZATION_LEVEL = 0;
				GCC_PREPROCESSOR_DEFINITIONS = (
					"DEBUG=1",
					"$(inherited)",
				);
				GCC_WARN_64_TO_32_BIT_CONVERSION = YES;
				GCC_WARN_ABOUT_RETURN_TYPE = YES_ERROR;
				GCC_WARN_UNDECLARED_SELECTOR = YES;
				GCC_WARN_UNINITIALIZED_AUTOS = YES_AGGRESSIVE;
				GCC_WARN_UNUSED_FUNCTION = YES;
				GCC_WARN_UNUSED_VARIABLE = YES;
				IPHONEOS_DEPLOYMENT_TARGET = 14.4;
				MTL_ENABLE_DEBUG_INFO = INCLUDE_SOURCE;
				MTL_FAST_MATH = YES;
				ONLY_ACTIVE_ARCH = YES;
				SDKROOT = iphoneos;
			};
			name = Debug;
		};
		EBA1A61E2638B59E00645453 /* Release */ = {
			isa = XCBuildConfiguration;
			buildSettings = {
				ALWAYS_SEARCH_USER_PATHS = NO;
				CLANG_ANALYZER_NONNULL = YES;
				CLANG_ANALYZER_NUMBER_OBJECT_CONVERSION = YES_AGGRESSIVE;
				CLANG_CXX_LANGUAGE_STANDARD = "gnu++14";
				CLANG_CXX_LIBRARY = "libc++";
				CLANG_ENABLE_MODULES = YES;
				CLANG_ENABLE_OBJC_ARC = YES;
				CLANG_ENABLE_OBJC_WEAK = YES;
				CLANG_WARN_BLOCK_CAPTURE_AUTORELEASING = YES;
				CLANG_WARN_BOOL_CONVERSION = YES;
				CLANG_WARN_COMMA = YES;
				CLANG_WARN_CONSTANT_CONVERSION = YES;
				CLANG_WARN_DEPRECATED_OBJC_IMPLEMENTATIONS = YES;
				CLANG_WARN_DIRECT_OBJC_ISA_USAGE = YES_ERROR;
				CLANG_WARN_DOCUMENTATION_COMMENTS = YES;
				CLANG_WARN_EMPTY_BODY = YES;
				CLANG_WARN_ENUM_CONVERSION = YES;
				CLANG_WARN_INFINITE_RECURSION = YES;
				CLANG_WARN_INT_CONVERSION = YES;
				CLANG_WARN_NON_LITERAL_NULL_CONVERSION = YES;
				CLANG_WARN_OBJC_IMPLICIT_RETAIN_SELF = YES;
				CLANG_WARN_OBJC_LITERAL_CONVERSION = YES;
				CLANG_WARN_OBJC_ROOT_CLASS = YES_ERROR;
				CLANG_WARN_QUOTED_INCLUDE_IN_FRAMEWORK_HEADER = YES;
				CLANG_WARN_RANGE_LOOP_ANALYSIS = YES;
				CLANG_WARN_STRICT_PROTOTYPES = YES;
				CLANG_WARN_SUSPICIOUS_MOVE = YES;
				CLANG_WARN_UNGUARDED_AVAILABILITY = YES_AGGRESSIVE;
				CLANG_WARN_UNREACHABLE_CODE = YES;
				CLANG_WARN__DUPLICATE_METHOD_MATCH = YES;
				COPY_PHASE_STRIP = NO;
				DEBUG_INFORMATION_FORMAT = "dwarf-with-dsym";
				ENABLE_NS_ASSERTIONS = NO;
				ENABLE_STRICT_OBJC_MSGSEND = YES;
				GCC_C_LANGUAGE_STANDARD = gnu11;
				GCC_NO_COMMON_BLOCKS = YES;
				GCC_WARN_64_TO_32_BIT_CONVERSION = YES;
				GCC_WARN_ABOUT_RETURN_TYPE = YES_ERROR;
				GCC_WARN_UNDECLARED_SELECTOR = YES;
				GCC_WARN_UNINITIALIZED_AUTOS = YES_AGGRESSIVE;
				GCC_WARN_UNUSED_FUNCTION = YES;
				GCC_WARN_UNUSED_VARIABLE = YES;
				IPHONEOS_DEPLOYMENT_TARGET = 14.4;
				MTL_ENABLE_DEBUG_INFO = NO;
				MTL_FAST_MATH = YES;
				SDKROOT = iphoneos;
				VALIDATE_PRODUCT = YES;
			};
			name = Release;
		};
		EBA1A6202638B59E00645453 /* Debug */ = {
			isa = XCBuildConfiguration;
			buildSettings = {
				ASSETCATALOG_COMPILER_APPICON_NAME = AppIcon;
				ASSETCATALOG_COMPILER_GLOBAL_ACCENT_COLOR_NAME = AccentColor;
				CODE_SIGN_STYLE = Automatic;
				DEVELOPMENT_TEAM = 43FZQWCCUM;
				INFOPLIST_FILE = "ObjectiveC CodeQL Test/Info.plist";
				IPHONEOS_DEPLOYMENT_TARGET = 13.0;
				LD_RUNPATH_SEARCH_PATHS = (
					"$(inherited)",
					"@executable_path/Frameworks",
				);
				PRODUCT_BUNDLE_IDENTIFIER = "com.miteksystems.panda..ObjectiveC-CodeQL-Test";
				PRODUCT_NAME = "$(TARGET_NAME)";
				TARGETED_DEVICE_FAMILY = "1,2";
			};
			name = Debug;
		};
		EBA1A6212638B59E00645453 /* Release */ = {
			isa = XCBuildConfiguration;
			buildSettings = {
				ASSETCATALOG_COMPILER_APPICON_NAME = AppIcon;
				ASSETCATALOG_COMPILER_GLOBAL_ACCENT_COLOR_NAME = AccentColor;
				CODE_SIGN_STYLE = Automatic;
				DEVELOPMENT_TEAM = 43FZQWCCUM;
				INFOPLIST_FILE = "ObjectiveC CodeQL Test/Info.plist";
				IPHONEOS_DEPLOYMENT_TARGET = 13.0;
				LD_RUNPATH_SEARCH_PATHS = (
					"$(inherited)",
					"@executable_path/Frameworks",
				);
				PRODUCT_BUNDLE_IDENTIFIER = "com.miteksystems.panda..ObjectiveC-CodeQL-Test";
				PRODUCT_NAME = "$(TARGET_NAME)";
				TARGETED_DEVICE_FAMILY = "1,2";
			};
			name = Release;
		};
/* End XCBuildConfiguration section */

/* Begin XCConfigurationList section */
		EBA1A6012638B59B00645453 /* Build configuration list for PBXProject "ObjectiveC CodeQL Test" */ = {
			isa = XCConfigurationList;
			buildConfigurations = (
				EBA1A61D2638B59E00645453 /* Debug */,
				EBA1A61E2638B59E00645453 /* Release */,
			);
			defaultConfigurationIsVisible = 0;
			defaultConfigurationName = Release;
		};
		EBA1A61F2638B59E00645453 /* Build configuration list for PBXNativeTarget "ObjectiveC CodeQL Test" */ = {
			isa = XCConfigurationList;
			buildConfigurations = (
				EBA1A6202638B59E00645453 /* Debug */,
				EBA1A6212638B59E00645453 /* Release */,
			);
			defaultConfigurationIsVisible = 0;
			defaultConfigurationName = Release;
		};
/* End XCConfigurationList section */
	};
	rootObject = EBA1A5FE2638B59B00645453 /* Project object */;
}
